{
  "version": 4,
  "terraform_version": "1.1.7",
  "serial": 11,
  "lineage": "52a32e06-8878-63a8-07af-850fda64ac0a",
  "outputs": {
    "mysql_crn": {
      "value": "crn:v1:bluemix:public:databases-for-mysql:eu-gb:a/5e90c1c755761cb7544ebd8385f275f7:856a2bee-71db-4ed3-80bc-eca9a834bf57::",
      "type": "string"
    },
    "mysql_host": {
      "value": "856a2bee-71db-4ed3-80bc-eca9a834bf57.c1vt02ul0q3fa0509bog.databases.appdomain.cloud",
      "type": "string"
    },
    "mysql_port": {
      "value": "31670",
      "type": "string"
    },
    "resource_group_name": {
      "value": "bigDataRG",
      "type": "string"
    },
    "vm_ip_address": {
      "value": "161.156.199.227",
      "type": "string"
    }
  },
  "resources": [
    {
      "mode": "managed",
      "type": "ibm_database",
      "name": "mysqldb",
      "provider": "provider[\"registry.terraform.io/ibm-cloud/ibm\"]",
      "instances": [
        {
          "schema_version": 0,
          "attributes": {
            "adminpassword": "1234567890",
            "adminuser": "admin",
            "auto_scaling": [
              {
                "cpu": [
                  {
                    "rate_increase_percent": 10,
                    "rate_limit_count_per_member": 30,
                    "rate_period_seconds": 900,
                    "rate_units": "count"
                  }
                ],
                "disk": [
                  {
                    "capacity_enabled": false,
                    "free_space_less_than_percent": 10,
                    "io_above_percent": 90,
                    "io_enabled": false,
                    "io_over_period": "15m",
                    "rate_increase_percent": 10,
                    "rate_limit_mb_per_member": 3670016,
                    "rate_period_seconds": 900,
                    "rate_units": "mb"
                  }
                ],
                "memory": [
                  {
                    "io_above_percent": 90,
                    "io_enabled": false,
                    "io_over_period": "15m",
                    "rate_increase_percent": 10,
                    "rate_limit_mb_per_member": 114688,
                    "rate_period_seconds": 900,
                    "rate_units": "mb"
                  }
                ]
              }
            ],
            "backup_encryption_key_crn": null,
            "backup_id": null,
            "configuration": null,
            "configuration_schema": null,
            "connectionstrings": [
              {
                "bundlebase64": "",
                "bundlename": "",
                "certbase64": "LS0tLS1CRUdJTiBDRVJUSUZJQ0FURS0tLS0tCk1JSURIVENDQWdXZ0F3SUJBZ0lVQWtOTXpiSmVBejJPZlJ4Zm9TRjRUcExjQTZvd0RRWUpLb1pJaHZjTkFRRUwKQlFBd0hqRWNNQm9HQTFVRUF3d1RTVUpOSUVOc2IzVmtJRVJoZEdGaVlYTmxjekFlRncweE9ERXhNakV4TVRRMwpNalZhRncweU9ERXhNVGd4TVRRM01qVmFNQjR4SERBYUJnTlZCQU1NRTBsQ1RTQkRiRzkxWkNCRVlYUmhZbUZ6ClpYTXdnZ0VpTUEwR0NTcUdTSWIzRFFFQkFRVUFBNElCRHdBd2dnRUtBb0lCQVFDdkRpWWVxWDE5c2JMZGZJeVkKclIzbWp0Y1RKaXJZa21ZbWhKVVl1anVSU3Z6NFF1K2x1M3d3ekVnWDFqVHVVbzZkaWZiMENGbGVKWDFmTFR2awpsZlVLaFVSRUhkYUpPaXJ0Qis0NDVYUWcvVzg2dkV4NG0wVXBVUlhRTWFOVktxUFVFY2xCWnZJOWk3bTM5L1F4CmU4Q052Z2pLeCt6YWRQdE56RWxFTXBQbUNzaTVxOEZUS1Y5QTRMOWM1VnZaNmswM3BuenlOblB5NFdlWEFvTjcKTFVoc0xYL0dBZlFRRGtncGI2ZHR2N1E5cExKT25HWFFYcHJhOGhUYWJncVdMbU92LzFpV1gvd241Y2JHVTB1TQp4N09mdnFXemtKUDZxa2c3TWRpTFhTRWNyQUdlSkU0OS9zeHNhY1d6aXdncE9XYXlLT1Nka3h2YXdmWFhMS2tCCmttMk5BZ01CQUFHalV6QlJNQjBHQTFVZERnUVdCQlJtbUJoUi83OHA2YlRpMW45b3JNdGVVa29ET2pBZkJnTlYKSFNNRUdEQVdnQlJtbUJoUi83OHA2YlRpMW45b3JNdGVVa29ET2pBUEJnTlZIUk1CQWY4RUJUQURBUUgvTUEwRwpDU3FHU0liM0RRRUJDd1VBQTRJQkFRQm81bUp3aGJhNjExd3lCTTIvZ2QxODAxQWNlK0UvUWpkZldKUXVVVUk4CkkyRkdMQ2tCeHE5OUhYbnBva0kwWHlLM3VTRzVNWUN5eDhramNucWQ1OG9QcCtJZjRDd05MRUIvZkpGcWxJRHQKTEJGb2VnQVQ2bjdCNkl3SGVoZTRmd1AvUm1rZDFPNTNsSjVFOFdZWGxRNm9xS1F4ZTRKOURXdDliRTdMV2dWZwphTEtuaS9MaHliVHNUbERIQU5aM0c4OU03WlF3MVZFSjROQWdWU2JzakNVRUpTTUJXWC9GUzM4M1IxNFhJRGEyCmxxVENpaWU4OXBlc3pxSWhDb0pRVXRCUDlvUXBjT21UQ0NhRFE5ZmtFYTEyMmczVkxZN3NUd3FHRzV6ckdHR04KNU9kQWpLbk1RUEROWG5hUkZGRmdzTERBWVQ4RFZvbWE5QXhna010RDJyamEKLS0tLS1FTkQgQ0VSVElGSUNBVEUtLS0tLQo=",
                "certname": "7ab285a7-88d8-49db-bab5-fde12dd2e22c",
                "composed": "mysql://admin:$PASSWORD@856a2bee-71db-4ed3-80bc-eca9a834bf57.c1vt02ul0q3fa0509bog.databases.appdomain.cloud:31670/ibmclouddb?sslMode=VERIFY_IDENTITY",
                "database": "ibmclouddb",
                "hosts": [
                  {
                    "hostname": "856a2bee-71db-4ed3-80bc-eca9a834bf57.c1vt02ul0q3fa0509bog.databases.appdomain.cloud",
                    "port": "31670"
                  }
                ],
                "name": "admin",
                "password": "",
                "path": "/ibmclouddb",
                "queryoptions": "?sslMode=VERIFY_IDENTITY",
                "scheme": "mysql"
              }
            ],
            "groups": [
              {
                "count": 3,
                "cpu": [
                  {
                    "allocation_count": 0,
                    "can_scale_down": true,
                    "is_adjustable": true,
                    "minimum_count": 9,
                    "step_size_count": 3,
                    "units": "count"
                  }
                ],
                "disk": [
                  {
                    "allocation_mb": 61440,
                    "can_scale_down": false,
                    "is_adjustable": true,
                    "minimum_mb": 61440,
                    "step_size_mb": 3072,
                    "units": "mb"
                  }
                ],
                "group_id": "member",
                "memory": [
                  {
                    "allocation_mb": 122880,
                    "can_scale_down": true,
                    "is_adjustable": true,
                    "minimum_mb": 3072,
                    "step_size_mb": 384,
                    "units": "mb"
                  }
                ]
              }
            ],
            "guid": "856a2bee-71db-4ed3-80bc-eca9a834bf57",
            "id": "crn:v1:bluemix:public:databases-for-mysql:eu-gb:a/5e90c1c755761cb7544ebd8385f275f7:856a2bee-71db-4ed3-80bc-eca9a834bf57::",
            "key_protect_instance": null,
            "key_protect_key": null,
            "location": "eu-gb",
            "members_cpu_allocation_count": 0,
            "members_disk_allocation_mb": 61440,
            "members_memory_allocation_mb": 122880,
            "name": "mysql-big-data",
            "node_count": 3,
            "node_cpu_allocation_count": 0,
            "node_disk_allocation_mb": 20480,
            "node_memory_allocation_mb": 40960,
            "plan": "standard",
            "plan_validation": null,
            "point_in_time_recovery_deployment_id": null,
            "point_in_time_recovery_time": null,
            "remote_leader_id": null,
            "resource_controller_url": "https://cloud.ibm.com/services/crn%3Av1%3Abluemix%3Apublic%3Adatabases-for-mysql%3Aeu-gb%3Aa%2F5e90c1c755761cb7544ebd8385f275f7%3A856a2bee-71db-4ed3-80bc-eca9a834bf57%3A%3A",
            "resource_crn": "crn:v1:bluemix:public:databases-for-mysql:eu-gb:a/5e90c1c755761cb7544ebd8385f275f7:856a2bee-71db-4ed3-80bc-eca9a834bf57::",
            "resource_group_id": "a8ddfbcc3b0c4b6eb04181ce1a48d2ac",
            "resource_group_name": "crn:v1:bluemix:public:resource-controller::a/5e90c1c755761cb7544ebd8385f275f7::resource-group:a8ddfbcc3b0c4b6eb04181ce1a48d2ac",
            "resource_name": "mysql-big-data",
            "resource_status": "active",
            "service": "databases-for-mysql",
            "service_endpoints": "public",
            "status": "active",
            "tags": [],
            "timeouts": null,
            "users": [],
            "version": "5.7",
            "whitelist": []
          },
          "sensitive_attributes": [],
          "private": "eyJlMmJmYjczMC1lY2FhLTExZTYtOGY4OC0zNDM2M2JjN2M0YzAiOnsiY3JlYXRlIjozNjAwMDAwMDAwMDAwLCJkZWxldGUiOjYwMDAwMDAwMDAwMCwidXBkYXRlIjozNjAwMDAwMDAwMDAwfX0=",
          "dependencies": [
            "ibm_resource_group.resource_group"
          ]
        }
      ]
    },
    {
      "mode": "managed",
      "type": "ibm_is_floating_ip",
      "name": "bigDataFIP",
      "provider": "provider[\"registry.terraform.io/ibm-cloud/ibm\"]",
      "instances": [
        {
          "schema_version": 0,
          "attributes": {
            "address": "161.156.199.227",
            "crn": "crn:v1:bluemix:public:is:eu-gb-1:a/5e90c1c755761cb7544ebd8385f275f7::floating-ip:r018-c4a8f6ed-f3fc-4d95-8c2b-2548c8067ba1",
            "id": "r018-c4a8f6ed-f3fc-4d95-8c2b-2548c8067ba1",
            "name": "big-data-fip",
            "resource_controller_url": "https://cloud.ibm.com/vpc-ext/network/floatingIPs",
            "resource_crn": "crn:v1:bluemix:public:is:eu-gb-1:a/5e90c1c755761cb7544ebd8385f275f7::floating-ip:r018-c4a8f6ed-f3fc-4d95-8c2b-2548c8067ba1",
            "resource_group": "8b5eb44c48434ff6af033d4be82263c0",
            "resource_group_name": "default",
            "resource_name": "big-data-fip",
            "resource_status": "available",
            "status": "available",
            "tags": [],
            "target": "0787-cbe5fa19-b6e0-4ad7-bf2f-0f4f27174d31",
            "timeouts": null,
            "zone": "eu-gb-1"
          },
          "sensitive_attributes": [],
          "private": "eyJlMmJmYjczMC1lY2FhLTExZTYtOGY4OC0zNDM2M2JjN2M0YzAiOnsiY3JlYXRlIjo2MDAwMDAwMDAwMDAsImRlbGV0ZSI6NjAwMDAwMDAwMDAwfX0=",
          "dependencies": [
            "ibm_is_instance.bigDataVM",
            "ibm_is_public_gateway.bigDataGateway1",
            "ibm_is_ssh_key.bigDataKey",
            "ibm_is_subnet.bigDataSubnet1",
            "ibm_is_vpc.bigDataVpc",
            "ibm_is_vpc_routing_table.bigDataRoutingTable"
          ]
        }
      ]
    },
    {
      "mode": "managed",
      "type": "ibm_is_instance",
      "name": "bigDataVM",
      "provider": "provider[\"registry.terraform.io/ibm-cloud/ibm\"]",
      "instances": [
        {
          "schema_version": 0,
          "attributes": {
            "action": null,
            "auto_delete_volume": null,
            "bandwidth": 4000,
            "boot_volume": [
              {
                "encryption": "",
                "iops": 3000,
                "name": "plus-shifter-landfill-frigidity",
                "profile": "general-purpose",
                "size": 100,
                "snapshot": ""
              }
            ],
            "crn": "crn:v1:bluemix:public:is:eu-gb-1:a/5e90c1c755761cb7544ebd8385f275f7::instance:0787_232b40c7-da2c-43ac-9623-c9a8dd59d3ba",
            "dedicated_host": null,
            "dedicated_host_group": null,
            "default_trusted_profile_auto_link": null,
            "default_trusted_profile_target": null,
            "disks": [
              {
                "created_at": "2022-03-21T00:07:22.000Z",
                "href": "https://eu-gb.iaas.cloud.ibm.com/v1/instances/0787_232b40c7-da2c-43ac-9623-c9a8dd59d3ba/disks/f683b5c7-0988-4063-8ab8-37ea8f914487",
                "id": "f683b5c7-0988-4063-8ab8-37ea8f914487",
                "interface_type": "virtio_blk",
                "name": "stopwatch-renewed-elliptic-repackage",
                "resource_type": "instance_disk",
                "size": 75
              }
            ],
            "force_action": false,
            "force_recovery_time": null,
            "gpu": [],
            "id": "0787_232b40c7-da2c-43ac-9623-c9a8dd59d3ba",
            "image": "r018-4c95937f-f1cd-4582-bc3d-bf3437512412",
            "instance_template": null,
            "keys": [
              "r018-bb7d83e5-51e4-4f2e-85d1-2e0b2feaa3eb"
            ],
            "memory": 8,
            "metadata_service_enabled": false,
            "name": "big-data-vm",
            "network_interfaces": [],
            "placement_group": null,
            "placement_target": [],
            "primary_network_interface": [
              {
                "allow_ip_spoofing": false,
                "id": "0787-cbe5fa19-b6e0-4ad7-bf2f-0f4f27174d31",
                "name": "stingily-hatchback-poser-clamor",
                "port_speed": 0,
                "primary_ipv4_address": "10.242.0.6",
                "security_groups": [
                  "r018-a8e7bd23-8841-400b-b4b0-a57bcacde581"
                ],
                "subnet": "0787-17f28893-d64a-4a63-a32d-9259838a3851"
              }
            ],
            "profile": "bx2d-2x8",
            "resource_controller_url": "https://cloud.ibm.com/vpc-ext/compute/vs",
            "resource_crn": "crn:v1:bluemix:public:is:eu-gb-1:a/5e90c1c755761cb7544ebd8385f275f7::instance:0787_232b40c7-da2c-43ac-9623-c9a8dd59d3ba",
            "resource_group": "8b5eb44c48434ff6af033d4be82263c0",
            "resource_group_name": "default",
            "resource_name": "big-data-vm",
            "resource_status": "running",
            "status": "running",
            "status_reasons": [],
            "tags": [],
            "timeouts": null,
            "total_network_bandwidth": 3000,
            "total_volume_bandwidth": 1000,
            "user_data": null,
            "vcpu": [
              {
                "architecture": "amd64",
                "count": 2
              }
            ],
            "volume_attachments": [
              {
                "id": "0787-99b4bb7c-cca4-4d86-ab98-ace8c2e7da93",
                "name": "helper-yen-mobile-speller",
                "volume_crn": "crn:v1:bluemix:public:is:eu-gb-1:a/5e90c1c755761cb7544ebd8385f275f7::volume:r018-b2a72ab4-fd69-4f5d-807a-51de120c33f5",
                "volume_id": "r018-b2a72ab4-fd69-4f5d-807a-51de120c33f5",
                "volume_name": "plus-shifter-landfill-frigidity"
              }
            ],
            "volumes": null,
            "vpc": "r018-a7e1f9c7-c1a9-434e-958d-7b66afcf6ae9",
            "wait_before_delete": true,
            "zone": "eu-gb-1"
          },
          "sensitive_attributes": [],
          "private": "eyJlMmJmYjczMC1lY2FhLTExZTYtOGY4OC0zNDM2M2JjN2M0YzAiOnsiY3JlYXRlIjoxODAwMDAwMDAwMDAwLCJkZWxldGUiOjE4MDAwMDAwMDAwMDAsInVwZGF0ZSI6MTgwMDAwMDAwMDAwMH19",
          "dependencies": [
            "ibm_is_public_gateway.bigDataGateway1",
            "ibm_is_ssh_key.bigDataKey",
            "ibm_is_subnet.bigDataSubnet1",
            "ibm_is_vpc.bigDataVpc",
            "ibm_is_vpc_routing_table.bigDataRoutingTable"
          ]
        }
      ]
    },
    {
      "mode": "managed",
      "type": "ibm_is_public_gateway",
      "name": "bigDataGateway1",
      "provider": "provider[\"registry.terraform.io/ibm-cloud/ibm\"]",
      "instances": [
        {
          "schema_version": 0,
          "attributes": {
            "crn": "crn:v1:bluemix:public:is:eu-gb-1:a/5e90c1c755761cb7544ebd8385f275f7::public-gateway:r018-269a5e6d-f8c5-433c-a96b-b339cc7c7ab6",
            "floating_ip": {
              "address": "158.175.177.20",
              "id": "r018-e5c7b041-6058-4e8c-94fa-b148ddd43fbb"
            },
            "id": "r018-269a5e6d-f8c5-433c-a96b-b339cc7c7ab6",
            "name": "big-data-gateway-1",
            "resource_controller_url": "https://cloud.ibm.com/vpc-ext/network/publicGateways",
            "resource_crn": "crn:v1:bluemix:public:is:eu-gb-1:a/5e90c1c755761cb7544ebd8385f275f7::public-gateway:r018-269a5e6d-f8c5-433c-a96b-b339cc7c7ab6",
            "resource_group": "8b5eb44c48434ff6af033d4be82263c0",
            "resource_group_name": "default",
            "resource_name": "big-data-gateway-1",
            "resource_status": "available",
            "status": "available",
            "tags": [],
            "timeouts": null,
            "vpc": "r018-a7e1f9c7-c1a9-434e-958d-7b66afcf6ae9",
            "zone": "eu-gb-1"
          },
          "sensitive_attributes": [],
          "private": "eyJlMmJmYjczMC1lY2FhLTExZTYtOGY4OC0zNDM2M2JjN2M0YzAiOnsiY3JlYXRlIjo2MDAwMDAwMDAwMDAsImRlbGV0ZSI6NjAwMDAwMDAwMDAwfX0=",
          "dependencies": [
            "ibm_is_vpc.bigDataVpc"
          ]
        }
      ]
    },
    {
      "mode": "managed",
      "type": "ibm_is_security_group_rule",
      "name": "sshRule",
      "provider": "provider[\"registry.terraform.io/ibm-cloud/ibm\"]",
      "instances": [
        {
          "schema_version": 0,
          "attributes": {
            "direction": "inbound",
            "group": "r018-a8e7bd23-8841-400b-b4b0-a57bcacde581",
            "icmp": [],
            "id": "r018-a8e7bd23-8841-400b-b4b0-a57bcacde581.r018-ef7e04cb-e7d8-4115-8b5a-f1c975faa32f",
            "ip_version": "ipv4",
            "protocol": "tcp",
            "related_crn": "crn:v1:bluemix:public:is:eu-gb:a/5e90c1c755761cb7544ebd8385f275f7::security-group:r018-a8e7bd23-8841-400b-b4b0-a57bcacde581",
            "remote": "0.0.0.0/0",
            "rule_id": "r018-ef7e04cb-e7d8-4115-8b5a-f1c975faa32f",
            "tcp": [
              {
                "port_max": 22,
                "port_min": 22
              }
            ],
            "udp": []
          },
          "sensitive_attributes": [],
          "private": "bnVsbA==",
          "dependencies": [
            "ibm_is_vpc.bigDataVpc"
          ]
        }
      ]
    },
    {
      "mode": "managed",
      "type": "ibm_is_ssh_key",
      "name": "bigDataKey",
      "provider": "provider[\"registry.terraform.io/ibm-cloud/ibm\"]",
      "instances": [
        {
          "schema_version": 0,
          "attributes": {
            "crn": "crn:v1:bluemix:public:is:eu-gb:a/5e90c1c755761cb7544ebd8385f275f7::key:r018-bb7d83e5-51e4-4f2e-85d1-2e0b2feaa3eb",
            "fingerprint": "SHA256:nMBd7x+IWuPH/VX1mSrxNBSlvarfNjdoZcQ0cNcueyo",
            "id": "r018-bb7d83e5-51e4-4f2e-85d1-2e0b2feaa3eb",
            "length": 4096,
            "name": "big-data-ssh",
            "public_key": "ssh-rsa AAAAB3NzaC1yc2EAAAADAQABAAABgQDuHQWwHdO3Gk7yAYzssoR6wPOxPMyW+cvbkjs7jHkhhhKxy5Ow8cS1bn15ErwLvNTpvSZxkANa4uQPtsuxhCDA3VWI9DRU2NS9HJeJTevDYF4Dm2ai5TYui/foRiDo/wY6baIjyoDL/SD+/4kyvI0Dj+m1b93zZ/8RB9129m8OcNKOlyE5CEvVa+omA3YrvpAZp2xd3PtW1GPIWWMLxOft7y6OHrGggxeDsDGhcmh73x7VEnXKWLhnZ/0lVK2TbxcaD8de4MD8ZvOqjGGDC7LyOnkZxeFf8k7bEsLPFx36/R0XVYTFMSIc/y0rLga+dUu8ejv+8NpwM2YHP6e81c+fmpih0z320lZ8erVeLVimQcfnXWGUgeeqCYlogJzZz7yb6/U/DCNoMkmGSl+2xcKnxbNxkWzNlPAdUrfxfHvNnbnloYCRJr5sw+9MKrVnIjkqKn0vTPLuO9Ql7oEZDdHEPcZ7NkrmTPxJtF7QrqBebl0uSSBe0BuH4gMsZjLTOlU=",
            "resource_controller_url": "https://cloud.ibm.com/vpc-ext/compute/sshKeys",
            "resource_crn": "crn:v1:bluemix:public:is:eu-gb:a/5e90c1c755761cb7544ebd8385f275f7::key:r018-bb7d83e5-51e4-4f2e-85d1-2e0b2feaa3eb",
            "resource_group": "8b5eb44c48434ff6af033d4be82263c0",
            "resource_group_name": "default",
            "resource_name": "big-data-ssh",
            "tags": [],
            "type": "rsa"
          },
          "sensitive_attributes": [],
          "private": "bnVsbA=="
        }
      ]
    },
    {
      "mode": "managed",
      "type": "ibm_is_subnet",
      "name": "bigDataSubnet1",
      "provider": "provider[\"registry.terraform.io/ibm-cloud/ibm\"]",
      "instances": [
        {
          "schema_version": 0,
          "attributes": {
            "access_tags": [],
            "available_ipv4_address_count": 16379,
            "crn": "crn:v1:bluemix:public:is:eu-gb-1:a/5e90c1c755761cb7544ebd8385f275f7::subnet:0787-17f28893-d64a-4a63-a32d-9259838a3851",
            "id": "0787-17f28893-d64a-4a63-a32d-9259838a3851",
            "ip_version": "ipv4",
            "ipv4_cidr_block": "10.242.0.0/18",
            "name": "big-data-subnet1",
            "network_acl": "r018-131c8456-1d45-48b2-a2f8-f4be2f0f3d5e",
            "public_gateway": "r018-269a5e6d-f8c5-433c-a96b-b339cc7c7ab6",
            "resource_controller_url": "https://cloud.ibm.com/vpc-ext/network/subnets",
            "resource_crn": "crn:v1:bluemix:public:is:eu-gb-1:a/5e90c1c755761cb7544ebd8385f275f7::subnet:0787-17f28893-d64a-4a63-a32d-9259838a3851",
            "resource_group": "8b5eb44c48434ff6af033d4be82263c0",
            "resource_group_name": "default",
            "resource_name": "big-data-subnet1",
            "resource_status": "available",
            "routing_table": "r018-25af97cd-0fd1-41df-88c2-6221a6a76b41",
            "status": "available",
            "tags": [],
            "timeouts": null,
            "total_ipv4_address_count": 16384,
            "vpc": "r018-a7e1f9c7-c1a9-434e-958d-7b66afcf6ae9",
            "zone": "eu-gb-1"
          },
          "sensitive_attributes": [],
          "private": "eyJlMmJmYjczMC1lY2FhLTExZTYtOGY4OC0zNDM2M2JjN2M0YzAiOnsiY3JlYXRlIjo2MDAwMDAwMDAwMDAsImRlbGV0ZSI6NjAwMDAwMDAwMDAwLCJ1cGRhdGUiOjYwMDAwMDAwMDAwMH19",
          "dependencies": [
            "ibm_is_public_gateway.bigDataGateway1",
            "ibm_is_vpc.bigDataVpc",
            "ibm_is_vpc_routing_table.bigDataRoutingTable"
          ]
        }
      ]
    },
    {
      "mode": "managed",
      "type": "ibm_is_vpc",
      "name": "bigDataVpc",
      "provider": "provider[\"registry.terraform.io/ibm-cloud/ibm\"]",
      "instances": [
        {
          "schema_version": 0,
          "attributes": {
            "address_prefix_management": "auto",
            "classic_access": false,
            "crn": "crn:v1:bluemix:public:is:eu-gb:a/5e90c1c755761cb7544ebd8385f275f7::vpc:r018-a7e1f9c7-c1a9-434e-958d-7b66afcf6ae9",
            "cse_source_addresses": [
              {
                "address": "10.16.50.169",
                "zone_name": "eu-gb-1"
              },
              {
                "address": "10.223.19.191",
                "zone_name": "eu-gb-2"
              },
              {
                "address": "10.16.65.205",
                "zone_name": "eu-gb-3"
              }
            ],
            "default_network_acl": "r018-131c8456-1d45-48b2-a2f8-f4be2f0f3d5e",
            "default_network_acl_crn": "crn:v1:bluemix:public:is:eu-gb:a/5e90c1c755761cb7544ebd8385f275f7::network-acl:r018-131c8456-1d45-48b2-a2f8-f4be2f0f3d5e",
            "default_network_acl_name": "composed-altitude-achiness-algebra",
            "default_routing_table": "r018-9a35b8e9-135f-4698-8061-7230bc7a9580",
            "default_routing_table_name": "fraying-treadmill-allude-voucher",
            "default_security_group": "r018-a8e7bd23-8841-400b-b4b0-a57bcacde581",
            "default_security_group_crn": "crn:v1:bluemix:public:is:eu-gb:a/5e90c1c755761cb7544ebd8385f275f7::security-group:r018-a8e7bd23-8841-400b-b4b0-a57bcacde581",
            "default_security_group_name": "confidant-drum-spill-icky",
            "id": "r018-a7e1f9c7-c1a9-434e-958d-7b66afcf6ae9",
            "name": "big-data-vpc",
            "resource_controller_url": "https://cloud.ibm.com/vpc-ext/network/vpcs",
            "resource_crn": "crn:v1:bluemix:public:is:eu-gb:a/5e90c1c755761cb7544ebd8385f275f7::vpc:r018-a7e1f9c7-c1a9-434e-958d-7b66afcf6ae9",
            "resource_group": "8b5eb44c48434ff6af033d4be82263c0",
            "resource_group_name": "default",
            "resource_name": "big-data-vpc",
            "resource_status": "available",
            "security_group": [
              {
                "group_id": "r018-a8e7bd23-8841-400b-b4b0-a57bcacde581",
                "group_name": "confidant-drum-spill-icky",
                "rules": [
                  {
                    "code": 0,
                    "direction": "outbound",
                    "ip_version": "ipv4",
                    "port_max": 0,
                    "port_min": 0,
                    "protocol": "all",
                    "remote": "0.0.0.0/0",
                    "rule_id": "r018-44648daa-7685-41d5-8e05-a0d21a5891c6",
                    "type": 0
                  },
                  {
                    "code": 0,
                    "direction": "inbound",
                    "ip_version": "ipv4",
                    "port_max": 0,
                    "port_min": 0,
                    "protocol": "all",
                    "remote": "r018-a8e7bd23-8841-400b-b4b0-a57bcacde581",
                    "rule_id": "r018-a551d585-7896-416b-a518-1efc079166c0",
                    "type": 0
                  }
                ]
              }
            ],
            "status": "available",
            "subnets": [],
            "tags": [],
            "timeouts": null
          },
          "sensitive_attributes": [],
          "private": "eyJlMmJmYjczMC1lY2FhLTExZTYtOGY4OC0zNDM2M2JjN2M0YzAiOnsiY3JlYXRlIjo2MDAwMDAwMDAwMDAsImRlbGV0ZSI6NjAwMDAwMDAwMDAwfX0="
        }
      ]
    },
    {
      "mode": "managed",
      "type": "ibm_is_vpc_routing_table",
      "name": "bigDataRoutingTable",
      "provider": "provider[\"registry.terraform.io/ibm-cloud/ibm\"]",
      "instances": [
        {
          "schema_version": 0,
          "attributes": {
            "created_at": "2022-03-21T00:06:50.000Z",
            "href": "https://eu-gb.iaas.cloud.ibm.com/v1/vpcs/r018-a7e1f9c7-c1a9-434e-958d-7b66afcf6ae9/routing_tables/r018-25af97cd-0fd1-41df-88c2-6221a6a76b41",
            "id": "r018-a7e1f9c7-c1a9-434e-958d-7b66afcf6ae9/r018-25af97cd-0fd1-41df-88c2-6221a6a76b41",
            "is_default": false,
            "lifecycle_state": "stable",
            "name": "big-data-routing-table",
            "resource_type": "routing_table",
            "route_direct_link_ingress": false,
            "route_transit_gateway_ingress": false,
            "route_vpc_zone_ingress": false,
            "routing_table": "r018-25af97cd-0fd1-41df-88c2-6221a6a76b41",
            "subnets": [],
            "timeouts": null,
            "vpc": "r018-a7e1f9c7-c1a9-434e-958d-7b66afcf6ae9"
          },
          "sensitive_attributes": [],
          "private": "eyJlMmJmYjczMC1lY2FhLTExZTYtOGY4OC0zNDM2M2JjN2M0YzAiOnsiY3JlYXRlIjo2MDAwMDAwMDAwMDAsImRlbGV0ZSI6NjAwMDAwMDAwMDAwLCJ1cGRhdGUiOjYwMDAwMDAwMDAwMH19",
          "dependencies": [
            "ibm_is_vpc.bigDataVpc"
          ]
        }
      ]
    },
    {
      "mode": "managed",
      "type": "ibm_resource_group",
      "name": "resource_group",
      "provider": "provider[\"registry.terraform.io/ibm-cloud/ibm\"]",
      "instances": [
        {
          "schema_version": 0,
          "attributes": {
            "created_at": "2022-03-21T00:06:36.587Z",
            "crn": "crn:v1:bluemix:public:resource-controller::a/5e90c1c755761cb7544ebd8385f275f7::resource-group:a8ddfbcc3b0c4b6eb04181ce1a48d2ac",
            "default": false,
            "id": "a8ddfbcc3b0c4b6eb04181ce1a48d2ac",
            "name": "bigDataRG",
            "payment_methods_url": "/v2/resource_groups/a8ddfbcc3b0c4b6eb04181ce1a48d2ac/payment_methods",
            "quota_id": "a3d7b8d01e261c24677937c29ab33f3c",
            "quota_url": "/v2/quota_definitions/a3d7b8d01e261c24677937c29ab33f3c",
            "resource_linkages": [],
            "state": "ACTIVE",
            "tags": null,
            "teams_url": "/v2/resource_groups/a8ddfbcc3b0c4b6eb04181ce1a48d2ac/teams",
            "updated_at": "2022-03-21T00:06:36.587Z"
          },
          "sensitive_attributes": [],
          "private": "bnVsbA=="
        }
      ]
    }
  ]
}
